{
  "name": "pyright-exec",
  "version": "1.0.0",
  "lockfileVersion": 1,
  "requires": true,
  "dependencies": {
    "pyright": {
      "version": "1.1.172",
      "resolved": "https://registry.npmjs.org/pyright/-/pyright-1.1.172.tgz",
      "integrity": "sha512-FRZrCgpJ1u5bhZ7PbDI7i+OjgYv7Fu2tgqpKFTzHz8BYCG7OjhLNOAh0wsLYe8IEfNo2JZtm7p+emTw9/cI09A=="
    }
  }
}
